
Microsoft Visual Studio Solution File, Format Version 12.00
# Visual Studio Version 16
VisualStudioVersion = 16.0.30002.166
MinimumVisualStudioVersion = 10.0.40219.1
Project("{FAE04EC0-301F-11D3-BF4B-00C04F79EFBC}") = "EMSAPI", "EMSAPI.csproj", "{8391A85E-589E-481A-8967-5FB7112182C6}"
EndProject
Global
	GlobalSection(SolutionConfigurationPlatforms) = preSolution
		Debug|Any CPU = Debug|Any CPU
		Release|Any CPU = Release|Any CPU
	EndGlobalSection
	GlobalSection(ProjectConfigurationPlatforms) = postSolution
		{8391A85E-589E-481A-8967-5FB7112182C6}.Debug|Any CPU.ActiveCfg = Debug|Any CPU
		{8391A85E-589E-481A-8967-5FB7112182C6}.Debug|Any CPU.Build.0 = Debug|Any CPU
		{8391A85E-589E-481A-8967-5FB7112182C6}.Release|Any CPU.ActiveCfg = Release|Any CPU
		{8391A85E-589E-481A-8967-5FB7112182C6}.Release|Any CPU.Build.0 = Release|Any CPU
	EndGlobalSection
	GlobalSection(SolutionProperties) = preSolution
		HideSolutionNode = FALSE
	EndGlobalSection
	GlobalSection(ExtensibilityGlobals) = postSolution
		SolutionGuid = {0C6722A9-E0D2-4932-87C3-D3E6DF66558E}
	EndGlobalSection
EndGlobal
